PODS:
  - AppAuth (1.3.0):
    - AppAuth/Core (= 1.3.0)
    - AppAuth/ExternalUserAgent (= 1.3.0)
  - AppAuth/Core (1.3.0)
  - AppAuth/ExternalUserAgent (1.3.0)
  - Firebase (4.5.0):
    - Firebase/Core (= 4.5.0)
  - Firebase/Auth (4.5.0):
    - Firebase/Core
    - FirebaseAuth (= 4.3.1)
  - Firebase/Core (4.5.0):
    - FirebaseAnalytics (= 4.0.4)
    - FirebaseCore (= 4.0.10)
  - Firebase/Database (4.5.0):
    - Firebase/Core
    - FirebaseDatabase (= 4.1.0)
  - FirebaseAnalytics (4.0.4):
    - FirebaseCore (~> 4.0)
    - FirebaseInstanceID (~> 2.0)
    - "GoogleToolboxForMac/NSData+zlib (~> 2.1)"
    - nanopb (~> 0.3)
  - FirebaseAuth (4.3.1):
    - FirebaseAnalytics (~> 4.0)
    - "GoogleToolboxForMac/NSDictionary+URLArguments (~> 2.1)"
    - GTMSessionFetcher/Core (~> 1.1)
  - FirebaseCore (4.0.10):
    - "GoogleToolboxForMac/NSData+zlib (~> 2.1)"
    - nanopb (~> 0.3)
  - FirebaseDatabase (4.1.0):
    - FirebaseAnalytics (~> 4.0)
    - FirebaseCore (~> 4.0)
    - leveldb-library (~> 1.18)
  - FirebaseInstanceID (2.0.10):
    - FirebaseCore (~> 4.0)
  - GoogleMaps (3.7.0):
    - GoogleMaps/Maps (= 3.7.0)
  - GoogleMaps/Base (3.7.0)
  - GoogleMaps/Maps (3.7.0):
    - GoogleMaps/Base
  - GoogleSignIn (5.0.0):
    - AppAuth (~> 1.1)
    - GTMAppAuth (~> 1.0)
    - GTMSessionFetcher/Core (~> 1.1)
  - GoogleToolboxForMac/DebugUtils (2.2.2):
    - GoogleToolboxForMac/Defines (= 2.2.2)
  - GoogleToolboxForMac/Defines (2.2.2)
  - "GoogleToolboxForMac/NSData+zlib (2.2.2)":
    - GoogleToolboxForMac/Defines (= 2.2.2)
  - "GoogleToolboxForMac/NSDictionary+URLArguments (2.2.2)":
    - GoogleToolboxForMac/DebugUtils (= 2.2.2)
    - GoogleToolboxForMac/Defines (= 2.2.2)
    - "GoogleToolboxForMac/NSString+URLArguments (= 2.2.2)"
  - "GoogleToolboxForMac/NSString+URLArguments (2.2.2)"
  - GTMAppAuth (1.0.0):
    - AppAuth/Core (~> 1.0)
    - GTMSessionFetcher (~> 1.1)
  - GTMSessionFetcher (1.3.0):
    - GTMSessionFetcher/Full (= 1.3.0)
  - GTMSessionFetcher/Core (1.3.0)
  - GTMSessionFetcher/Full (1.3.0):
    - GTMSessionFetcher/Core (= 1.3.0)
  - leveldb-library (1.22)
  - nanopb (0.3.9011):
    - nanopb/decode (= 0.3.9011)
    - nanopb/encode (= 0.3.9011)
  - nanopb/decode (0.3.9011)
  - nanopb/encode (0.3.9011)
  - SnapKit (5.0.1)

DEPENDENCIES:
  - Firebase (= 4.5.0)
  - Firebase/Auth (= 4.5.0)
  - Firebase/Database (= 4.5.0)
  - GoogleMaps (= 3.7.0)
  - GoogleSignIn (= 5.0.0)
  - SnapKit (= 5.0.1)

SPEC REPOS:
  https://github.com/cocoapods/specs.git:
    - AppAuth
    - Firebase
    - FirebaseAnalytics
    - FirebaseAuth
    - FirebaseCore
    - FirebaseDatabase
    - FirebaseInstanceID
    - GoogleMaps
    - GoogleSignIn
    - GoogleToolboxForMac
    - GTMAppAuth
    - GTMSessionFetcher
    - leveldb-library
    - nanopb
    - SnapKit

SPEC CHECKSUMS:
  AppAuth: 73574f3013a1e65b9601a3ddc8b3158cce68c09d
  Firebase: d83d287bdb6b1c78320561482706d1fcfc8ddfc1
  FirebaseAnalytics: 722b53c7b32bfc7806b06e0093a2f5180d4f2c5a
  FirebaseAuth: e7c2b1359c2df4af23a568100a8eace0b8c507e4
  FirebaseCore: da5e8e372cb6046212739a4d81e42d32c22907cc
  FirebaseDatabase: 607284a103e961d7f5863ee603cab5e85f443bd6
  FirebaseInstanceID: 8d20d890d65c917f9f7d9950b6e10a760ad34321
  GoogleMaps: 55da829c68aa931f3ae982b9e341cc2f3d89c587
  GoogleSignIn: a62edd0516721d2a3db1259a5681b91f9b41c06a
  GoogleToolboxForMac: 800648f8b3127618c1b59c7f97684427630c5ea3
  GTMAppAuth: 4deac854479704f348309e7b66189e604cf5e01e
  GTMSessionFetcher: 43b8b64263023d4f32caa0b40f4c8bfa3c5f36d8
  leveldb-library: 55d93ee664b4007aac644a782d11da33fba316f7
  nanopb: 18003b5e52dab79db540fe93fe9579f399bd1ccd
  SnapKit: 97b92857e3df3a0c71833cce143274bf6ef8e5eb

PODFILE CHECKSUM: 39a11406d8ed7a9e0d35f953bde1245206f42240

COCOAPODS: 1.7.5
